
Microsoft Visual Studio Solution File, Format Version 12.00
# Visual Studio Version 17
VisualStudioVersion = 17.3.32922.545
MinimumVisualStudioVersion = 10.0.40219.1
Project("{FAE04EC0-301F-11D3-BF4B-00C04F79EFBC}") = "DoublyLinkedList", "DoublyLinkedList.csproj", "{52238AF0-FD61-4079-80AB-B6AADB25498C}"
EndProject
Global
	GlobalSection(SolutionConfigurationPlatforms) = preSolution
		Debug|Any CPU = Debug|Any CPU
		Release|Any CPU = Release|Any CPU
	EndGlobalSection
	GlobalSection(ProjectConfigurationPlatforms) = postSolution
		{52238AF0-FD61-4079-80AB-B6AADB25498C}.Debug|Any CPU.ActiveCfg = Debug|Any CPU
		{52238AF0-FD61-4079-80AB-B6AADB25498C}.Debug|Any CPU.Build.0 = Debug|Any CPU
		{52238AF0-FD61-4079-80AB-B6AADB25498C}.Release|Any CPU.ActiveCfg = Release|Any CPU
		{52238AF0-FD61-4079-80AB-B6AADB25498C}.Release|Any CPU.Build.0 = Release|Any CPU
	EndGlobalSection
	GlobalSection(SolutionProperties) = preSolution
		HideSolutionNode = FALSE
	EndGlobalSection
	GlobalSection(ExtensibilityGlobals) = postSolution
		SolutionGuid = {0E7541A4-68D2-4626-B072-F70773686D5E}
	EndGlobalSection
EndGlobal
